PODS:
  - NVActivityIndicatorView (4.7.0):
    - NVActivityIndicatorView/Presenter (= 4.7.0)
  - NVActivityIndicatorView/Presenter (4.7.0)
  - RxCocoa (4.3.1):
    - RxSwift (~> 4.0)
  - RxSwift (4.3.1)

DEPENDENCIES:
  - NVActivityIndicatorView
  - RxCocoa (~> 4.0)
  - RxSwift (~> 4.0)

SPEC REPOS:
  https://github.com/cocoapods/specs.git:
    - NVActivityIndicatorView
    - RxCocoa
    - RxSwift

SPEC CHECKSUMS:
  NVActivityIndicatorView: b19ddab2576f805cbe0fb2306cba3476e09a1dea
  RxCocoa: 78763c7b07d02455598d9fc3c1ad091a28b73635
  RxSwift: fe0fd770a43acdb7d0a53da411c9b892e69bb6e4

PODFILE CHECKSUM: 4e4808404286b575ab6e1bdbbed8c9cb16ccc0b2

COCOAPODS: 1.5.3
